
Microsoft Visual Studio Solution File, Format Version 12.00
# Visual Studio 15
Project("{FAE04EC0-301F-11D3-BF4B-00C04F79EFBC}") = "Zenject", "Zenject.csproj", "{9049823F-0501-2C73-EC4B-795393D3EA01}"
EndProject
Project("{FAE04EC0-301F-11D3-BF4B-00C04F79EFBC}") = "UniRx", "UniRx.csproj", "{FAAE3FFE-CA9B-E67D-04D5-51A82E794708}"
EndProject
Project("{FAE04EC0-301F-11D3-BF4B-00C04F79EFBC}") = "Zenject-IntegrationTests", "Zenject-IntegrationTests.csproj", "{E9C172A8-4602-E954-FC0F-C6F96594C0E0}"
EndProject
Project("{FAE04EC0-301F-11D3-BF4B-00C04F79EFBC}") = "Assembly-CSharp", "Assembly-CSharp.csproj", "{319AAEE9-F5D9-4E90-E14B-1F277FBFA0A6}"
EndProject
Project("{FAE04EC0-301F-11D3-BF4B-00C04F79EFBC}") = "Tayx.Graphy", "Tayx.Graphy.csproj", "{899D1F82-4886-4722-3D9E-06781EA98F75}"
EndProject
Project("{FAE04EC0-301F-11D3-BF4B-00C04F79EFBC}") = "PhotonUnityNetworking.Demos", "PhotonUnityNetworking.Demos.csproj", "{A885549C-9281-76DD-1760-832007931C3E}"
EndProject
Project("{FAE04EC0-301F-11D3-BF4B-00C04F79EFBC}") = "Zenject-IntegrationTests-Editor", "Zenject-IntegrationTests-Editor.csproj", "{5CB7EF7F-FED5-1EEE-A89A-BCC7EAB26747}"
EndProject
Project("{FAE04EC0-301F-11D3-BF4B-00C04F79EFBC}") = "PhotonRealtime", "PhotonRealtime.csproj", "{CC5929AA-E7E5-59C4-A3FF-A99507B4A207}"
EndProject
Project("{FAE04EC0-301F-11D3-BF4B-00C04F79EFBC}") = "PhotonUnityNetworking", "PhotonUnityNetworking.csproj", "{F477E952-95B0-1FD9-623D-7A9184C95364}"
EndProject
Project("{FAE04EC0-301F-11D3-BF4B-00C04F79EFBC}") = "PhotonUnityNetworking.Utilities", "PhotonUnityNetworking.Utilities.csproj", "{449E31A3-CF20-BAEE-3885-820A4A7C07E6}"
EndProject
Project("{FAE04EC0-301F-11D3-BF4B-00C04F79EFBC}") = "PhotonChat", "PhotonChat.csproj", "{7DF721FB-30A3-4E68-EF42-8D077041621F}"
EndProject
Project("{FAE04EC0-301F-11D3-BF4B-00C04F79EFBC}") = "Assembly-CSharp-firstpass", "Assembly-CSharp-firstpass.csproj", "{CE602CB7-0F5A-A0D9-4FD2-4124C1B65D33}"
EndProject
Project("{FAE04EC0-301F-11D3-BF4B-00C04F79EFBC}") = "UniRx.Examples", "UniRx.Examples.csproj", "{6632A1BF-7883-C729-E041-80847989D36D}"
EndProject
Project("{FAE04EC0-301F-11D3-BF4B-00C04F79EFBC}") = "Unity.RenderPipelines.HighDefinition.Config.Runtime", "Unity.RenderPipelines.HighDefinition.Config.Runtime.csproj", "{40FD7406-A1E3-3305-0048-6C485B099916}"
EndProject
Project("{FAE04EC0-301F-11D3-BF4B-00C04F79EFBC}") = "Zenject-PoolMonitor-Editor", "Zenject-PoolMonitor-Editor.csproj", "{19EE3B5B-319D-679D-1768-F3EFCCBD242F}"
EndProject
Project("{FAE04EC0-301F-11D3-BF4B-00C04F79EFBC}") = "PhotonUnityNetworking.Editor", "PhotonUnityNetworking.Editor.csproj", "{E43CA205-9E79-83EC-30DC-6CCB2622A736}"
EndProject
Project("{FAE04EC0-301F-11D3-BF4B-00C04F79EFBC}") = "Zenject-UnitTests-Editor", "Zenject-UnitTests-Editor.csproj", "{A06632DE-727E-7E89-10CB-5AA7F70D2D30}"
EndProject
Project("{FAE04EC0-301F-11D3-BF4B-00C04F79EFBC}") = "Assembly-CSharp-Editor", "Assembly-CSharp-Editor.csproj", "{5493FF31-4218-725D-3978-755E56F3CEDA}"
EndProject
Project("{FAE04EC0-301F-11D3-BF4B-00C04F79EFBC}") = "Tayx.Graphy.Editor", "Tayx.Graphy.Editor.csproj", "{20A404F3-D2FE-6FAE-8E01-7F45EC79F099}"
EndProject
Project("{FAE04EC0-301F-11D3-BF4B-00C04F79EFBC}") = "Zenject-TestFramework", "Zenject-TestFramework.csproj", "{C8125280-54D7-CADB-5A7A-DC212E1F77E6}"
EndProject
Project("{FAE04EC0-301F-11D3-BF4B-00C04F79EFBC}") = "PhotonUnityNetworking.Utilities.PhotonPlayer.Editor", "PhotonUnityNetworking.Utilities.PhotonPlayer.Editor.csproj", "{825B580D-5E05-CFCA-11A0-B8F3BC70962C}"
EndProject
Project("{FAE04EC0-301F-11D3-BF4B-00C04F79EFBC}") = "GoogleMobileAds.Editor", "GoogleMobileAds.Editor.csproj", "{9C19959E-D004-9B58-E51F-C2FB4D721F96}"
EndProject
Project("{FAE04EC0-301F-11D3-BF4B-00C04F79EFBC}") = "Zenject-ReflectionBaking-Editor", "Zenject-ReflectionBaking-Editor.csproj", "{C3A8897C-440E-7B13-7886-C2CB63C1E842}"
EndProject
Project("{FAE04EC0-301F-11D3-BF4B-00C04F79EFBC}") = "Zenject-Editor", "Zenject-Editor.csproj", "{BB58BDB9-0118-34AC-159F-C20B892CD064}"
EndProject
Project("{FAE04EC0-301F-11D3-BF4B-00C04F79EFBC}") = "PunDemos.DemoSlotcarEditor", "PunDemos.DemoSlotcarEditor.csproj", "{8BE7B527-B70C-66A5-7714-7933A0CC7EB4}"
EndProject
Project("{FAE04EC0-301F-11D3-BF4B-00C04F79EFBC}") = "PhotonUnityNetworking.Utilities.Culling.Editor", "PhotonUnityNetworking.Utilities.Culling.Editor.csproj", "{F488CD90-6736-61E9-BCFC-38542F2E01C4}"
EndProject
Project("{FAE04EC0-301F-11D3-BF4B-00C04F79EFBC}") = "Unity.RenderPipelines.HighDefinitionConfig.Editor.Tests", "Unity.RenderPipelines.HighDefinitionConfig.Editor.Tests.csproj", "{9BAB66BF-88BD-6498-49C8-693E66DA1F1C}"
EndProject
Project("{FAE04EC0-301F-11D3-BF4B-00C04F79EFBC}") = "PunDemos.DemoHubEditor", "PunDemos.DemoHubEditor.csproj", "{6704E616-9FC5-05D1-40CD-D9A9B1A7A47B}"
EndProject
Global
	GlobalSection(SolutionConfigurationPlatforms) = preSolution
		Debug|Any CPU = Debug|Any CPU
		Release|Any CPU = Release|Any CPU
	EndGlobalSection
	GlobalSection(ProjectConfigurationPlatforms) = postSolution
		{9049823F-0501-2C73-EC4B-795393D3EA01}.Debug|Any CPU.ActiveCfg = Debug|Any CPU
		{9049823F-0501-2C73-EC4B-795393D3EA01}.Debug|Any CPU.Build.0 = Debug|Any CPU
		{9049823F-0501-2C73-EC4B-795393D3EA01}.Release|Any CPU.ActiveCfg = Release|Any CPU
		{9049823F-0501-2C73-EC4B-795393D3EA01}.Release|Any CPU.Build.0 = Release|Any CPU
		{FAAE3FFE-CA9B-E67D-04D5-51A82E794708}.Debug|Any CPU.ActiveCfg = Debug|Any CPU
		{FAAE3FFE-CA9B-E67D-04D5-51A82E794708}.Debug|Any CPU.Build.0 = Debug|Any CPU
		{FAAE3FFE-CA9B-E67D-04D5-51A82E794708}.Release|Any CPU.ActiveCfg = Release|Any CPU
		{FAAE3FFE-CA9B-E67D-04D5-51A82E794708}.Release|Any CPU.Build.0 = Release|Any CPU
		{E9C172A8-4602-E954-FC0F-C6F96594C0E0}.Debug|Any CPU.ActiveCfg = Debug|Any CPU
		{E9C172A8-4602-E954-FC0F-C6F96594C0E0}.Debug|Any CPU.Build.0 = Debug|Any CPU
		{E9C172A8-4602-E954-FC0F-C6F96594C0E0}.Release|Any CPU.ActiveCfg = Release|Any CPU
		{E9C172A8-4602-E954-FC0F-C6F96594C0E0}.Release|Any CPU.Build.0 = Release|Any CPU
		{319AAEE9-F5D9-4E90-E14B-1F277FBFA0A6}.Debug|Any CPU.ActiveCfg = Debug|Any CPU
		{319AAEE9-F5D9-4E90-E14B-1F277FBFA0A6}.Debug|Any CPU.Build.0 = Debug|Any CPU
		{319AAEE9-F5D9-4E90-E14B-1F277FBFA0A6}.Release|Any CPU.ActiveCfg = Release|Any CPU
		{319AAEE9-F5D9-4E90-E14B-1F277FBFA0A6}.Release|Any CPU.Build.0 = Release|Any CPU
		{899D1F82-4886-4722-3D9E-06781EA98F75}.Debug|Any CPU.ActiveCfg = Debug|Any CPU
		{899D1F82-4886-4722-3D9E-06781EA98F75}.Debug|Any CPU.Build.0 = Debug|Any CPU
		{899D1F82-4886-4722-3D9E-06781EA98F75}.Release|Any CPU.ActiveCfg = Release|Any CPU
		{899D1F82-4886-4722-3D9E-06781EA98F75}.Release|Any CPU.Build.0 = Release|Any CPU
		{A885549C-9281-76DD-1760-832007931C3E}.Debug|Any CPU.ActiveCfg = Debug|Any CPU
		{A885549C-9281-76DD-1760-832007931C3E}.Debug|Any CPU.Build.0 = Debug|Any CPU
		{A885549C-9281-76DD-1760-832007931C3E}.Release|Any CPU.ActiveCfg = Release|Any CPU
		{A885549C-9281-76DD-1760-832007931C3E}.Release|Any CPU.Build.0 = Release|Any CPU
		{5CB7EF7F-FED5-1EEE-A89A-BCC7EAB26747}.Debug|Any CPU.ActiveCfg = Debug|Any CPU
		{5CB7EF7F-FED5-1EEE-A89A-BCC7EAB26747}.Debug|Any CPU.Build.0 = Debug|Any CPU
		{5CB7EF7F-FED5-1EEE-A89A-BCC7EAB26747}.Release|Any CPU.ActiveCfg = Release|Any CPU
		{5CB7EF7F-FED5-1EEE-A89A-BCC7EAB26747}.Release|Any CPU.Build.0 = Release|Any CPU
		{CC5929AA-E7E5-59C4-A3FF-A99507B4A207}.Debug|Any CPU.ActiveCfg = Debug|Any CPU
		{CC5929AA-E7E5-59C4-A3FF-A99507B4A207}.Debug|Any CPU.Build.0 = Debug|Any CPU
		{CC5929AA-E7E5-59C4-A3FF-A99507B4A207}.Release|Any CPU.ActiveCfg = Release|Any CPU
		{CC5929AA-E7E5-59C4-A3FF-A99507B4A207}.Release|Any CPU.Build.0 = Release|Any CPU
		{F477E952-95B0-1FD9-623D-7A9184C95364}.Debug|Any CPU.ActiveCfg = Debug|Any CPU
		{F477E952-95B0-1FD9-623D-7A9184C95364}.Debug|Any CPU.Build.0 = Debug|Any CPU
		{F477E952-95B0-1FD9-623D-7A9184C95364}.Release|Any CPU.ActiveCfg = Release|Any CPU
		{F477E952-95B0-1FD9-623D-7A9184C95364}.Release|Any CPU.Build.0 = Release|Any CPU
		{449E31A3-CF20-BAEE-3885-820A4A7C07E6}.Debug|Any CPU.ActiveCfg = Debug|Any CPU
		{449E31A3-CF20-BAEE-3885-820A4A7C07E6}.Debug|Any CPU.Build.0 = Debug|Any CPU
		{449E31A3-CF20-BAEE-3885-820A4A7C07E6}.Release|Any CPU.ActiveCfg = Release|Any CPU
		{449E31A3-CF20-BAEE-3885-820A4A7C07E6}.Release|Any CPU.Build.0 = Release|Any CPU
		{7DF721FB-30A3-4E68-EF42-8D077041621F}.Debug|Any CPU.ActiveCfg = Debug|Any CPU
		{7DF721FB-30A3-4E68-EF42-8D077041621F}.Debug|Any CPU.Build.0 = Debug|Any CPU
		{7DF721FB-30A3-4E68-EF42-8D077041621F}.Release|Any CPU.ActiveCfg = Release|Any CPU
		{7DF721FB-30A3-4E68-EF42-8D077041621F}.Release|Any CPU.Build.0 = Release|Any CPU
		{CE602CB7-0F5A-A0D9-4FD2-4124C1B65D33}.Debug|Any CPU.ActiveCfg = Debug|Any CPU
		{CE602CB7-0F5A-A0D9-4FD2-4124C1B65D33}.Debug|Any CPU.Build.0 = Debug|Any CPU
		{CE602CB7-0F5A-A0D9-4FD2-4124C1B65D33}.Release|Any CPU.ActiveCfg = Release|Any CPU
		{CE602CB7-0F5A-A0D9-4FD2-4124C1B65D33}.Release|Any CPU.Build.0 = Release|Any CPU
		{6632A1BF-7883-C729-E041-80847989D36D}.Debug|Any CPU.ActiveCfg = Debug|Any CPU
		{6632A1BF-7883-C729-E041-80847989D36D}.Debug|Any CPU.Build.0 = Debug|Any CPU
		{6632A1BF-7883-C729-E041-80847989D36D}.Release|Any CPU.ActiveCfg = Release|Any CPU
		{6632A1BF-7883-C729-E041-80847989D36D}.Release|Any CPU.Build.0 = Release|Any CPU
		{40FD7406-A1E3-3305-0048-6C485B099916}.Debug|Any CPU.ActiveCfg = Debug|Any CPU
		{40FD7406-A1E3-3305-0048-6C485B099916}.Debug|Any CPU.Build.0 = Debug|Any CPU
		{40FD7406-A1E3-3305-0048-6C485B099916}.Release|Any CPU.ActiveCfg = Release|Any CPU
		{40FD7406-A1E3-3305-0048-6C485B099916}.Release|Any CPU.Build.0 = Release|Any CPU
		{19EE3B5B-319D-679D-1768-F3EFCCBD242F}.Debug|Any CPU.ActiveCfg = Debug|Any CPU
		{19EE3B5B-319D-679D-1768-F3EFCCBD242F}.Debug|Any CPU.Build.0 = Debug|Any CPU
		{19EE3B5B-319D-679D-1768-F3EFCCBD242F}.Release|Any CPU.ActiveCfg = Release|Any CPU
		{19EE3B5B-319D-679D-1768-F3EFCCBD242F}.Release|Any CPU.Build.0 = Release|Any CPU
		{E43CA205-9E79-83EC-30DC-6CCB2622A736}.Debug|Any CPU.ActiveCfg = Debug|Any CPU
		{E43CA205-9E79-83EC-30DC-6CCB2622A736}.Debug|Any CPU.Build.0 = Debug|Any CPU
		{E43CA205-9E79-83EC-30DC-6CCB2622A736}.Release|Any CPU.ActiveCfg = Release|Any CPU
		{E43CA205-9E79-83EC-30DC-6CCB2622A736}.Release|Any CPU.Build.0 = Release|Any CPU
		{A06632DE-727E-7E89-10CB-5AA7F70D2D30}.Debug|Any CPU.ActiveCfg = Debug|Any CPU
		{A06632DE-727E-7E89-10CB-5AA7F70D2D30}.Debug|Any CPU.Build.0 = Debug|Any CPU
		{A06632DE-727E-7E89-10CB-5AA7F70D2D30}.Release|Any CPU.ActiveCfg = Release|Any CPU
		{A06632DE-727E-7E89-10CB-5AA7F70D2D30}.Release|Any CPU.Build.0 = Release|Any CPU
		{5493FF31-4218-725D-3978-755E56F3CEDA}.Debug|Any CPU.ActiveCfg = Debug|Any CPU
		{5493FF31-4218-725D-3978-755E56F3CEDA}.Debug|Any CPU.Build.0 = Debug|Any CPU
		{5493FF31-4218-725D-3978-755E56F3CEDA}.Release|Any CPU.ActiveCfg = Release|Any CPU
		{5493FF31-4218-725D-3978-755E56F3CEDA}.Release|Any CPU.Build.0 = Release|Any CPU
		{20A404F3-D2FE-6FAE-8E01-7F45EC79F099}.Debug|Any CPU.ActiveCfg = Debug|Any CPU
		{20A404F3-D2FE-6FAE-8E01-7F45EC79F099}.Debug|Any CPU.Build.0 = Debug|Any CPU
		{20A404F3-D2FE-6FAE-8E01-7F45EC79F099}.Release|Any CPU.ActiveCfg = Release|Any CPU
		{20A404F3-D2FE-6FAE-8E01-7F45EC79F099}.Release|Any CPU.Build.0 = Release|Any CPU
		{C8125280-54D7-CADB-5A7A-DC212E1F77E6}.Debug|Any CPU.ActiveCfg = Debug|Any CPU
		{C8125280-54D7-CADB-5A7A-DC212E1F77E6}.Debug|Any CPU.Build.0 = Debug|Any CPU
		{C8125280-54D7-CADB-5A7A-DC212E1F77E6}.Release|Any CPU.ActiveCfg = Release|Any CPU
		{C8125280-54D7-CADB-5A7A-DC212E1F77E6}.Release|Any CPU.Build.0 = Release|Any CPU
		{825B580D-5E05-CFCA-11A0-B8F3BC70962C}.Debug|Any CPU.ActiveCfg = Debug|Any CPU
		{825B580D-5E05-CFCA-11A0-B8F3BC70962C}.Debug|Any CPU.Build.0 = Debug|Any CPU
		{825B580D-5E05-CFCA-11A0-B8F3BC70962C}.Release|Any CPU.ActiveCfg = Release|Any CPU
		{825B580D-5E05-CFCA-11A0-B8F3BC70962C}.Release|Any CPU.Build.0 = Release|Any CPU
		{9C19959E-D004-9B58-E51F-C2FB4D721F96}.Debug|Any CPU.ActiveCfg = Debug|Any CPU
		{9C19959E-D004-9B58-E51F-C2FB4D721F96}.Debug|Any CPU.Build.0 = Debug|Any CPU
		{9C19959E-D004-9B58-E51F-C2FB4D721F96}.Release|Any CPU.ActiveCfg = Release|Any CPU
		{9C19959E-D004-9B58-E51F-C2FB4D721F96}.Release|Any CPU.Build.0 = Release|Any CPU
		{C3A8897C-440E-7B13-7886-C2CB63C1E842}.Debug|Any CPU.ActiveCfg = Debug|Any CPU
		{C3A8897C-440E-7B13-7886-C2CB63C1E842}.Debug|Any CPU.Build.0 = Debug|Any CPU
		{C3A8897C-440E-7B13-7886-C2CB63C1E842}.Release|Any CPU.ActiveCfg = Release|Any CPU
		{C3A8897C-440E-7B13-7886-C2CB63C1E842}.Release|Any CPU.Build.0 = Release|Any CPU
		{BB58BDB9-0118-34AC-159F-C20B892CD064}.Debug|Any CPU.ActiveCfg = Debug|Any CPU
		{BB58BDB9-0118-34AC-159F-C20B892CD064}.Debug|Any CPU.Build.0 = Debug|Any CPU
		{BB58BDB9-0118-34AC-159F-C20B892CD064}.Release|Any CPU.ActiveCfg = Release|Any CPU
		{BB58BDB9-0118-34AC-159F-C20B892CD064}.Release|Any CPU.Build.0 = Release|Any CPU
		{8BE7B527-B70C-66A5-7714-7933A0CC7EB4}.Debug|Any CPU.ActiveCfg = Debug|Any CPU
		{8BE7B527-B70C-66A5-7714-7933A0CC7EB4}.Debug|Any CPU.Build.0 = Debug|Any CPU
		{8BE7B527-B70C-66A5-7714-7933A0CC7EB4}.Release|Any CPU.ActiveCfg = Release|Any CPU
		{8BE7B527-B70C-66A5-7714-7933A0CC7EB4}.Release|Any CPU.Build.0 = Release|Any CPU
		{F488CD90-6736-61E9-BCFC-38542F2E01C4}.Debug|Any CPU.ActiveCfg = Debug|Any CPU
		{F488CD90-6736-61E9-BCFC-38542F2E01C4}.Debug|Any CPU.Build.0 = Debug|Any CPU
		{F488CD90-6736-61E9-BCFC-38542F2E01C4}.Release|Any CPU.ActiveCfg = Release|Any CPU
		{F488CD90-6736-61E9-BCFC-38542F2E01C4}.Release|Any CPU.Build.0 = Release|Any CPU
		{9BAB66BF-88BD-6498-49C8-693E66DA1F1C}.Debug|Any CPU.ActiveCfg = Debug|Any CPU
		{9BAB66BF-88BD-6498-49C8-693E66DA1F1C}.Debug|Any CPU.Build.0 = Debug|Any CPU
		{9BAB66BF-88BD-6498-49C8-693E66DA1F1C}.Release|Any CPU.ActiveCfg = Release|Any CPU
		{9BAB66BF-88BD-6498-49C8-693E66DA1F1C}.Release|Any CPU.Build.0 = Release|Any CPU
		{6704E616-9FC5-05D1-40CD-D9A9B1A7A47B}.Debug|Any CPU.ActiveCfg = Debug|Any CPU
		{6704E616-9FC5-05D1-40CD-D9A9B1A7A47B}.Debug|Any CPU.Build.0 = Debug|Any CPU
		{6704E616-9FC5-05D1-40CD-D9A9B1A7A47B}.Release|Any CPU.ActiveCfg = Release|Any CPU
		{6704E616-9FC5-05D1-40CD-D9A9B1A7A47B}.Release|Any CPU.Build.0 = Release|Any CPU
	EndGlobalSection
	GlobalSection(SolutionProperties) = preSolution
		HideSolutionNode = FALSE
	EndGlobalSection
EndGlobal
